
Microsoft Visual Studio Solution File, Format Version 12.00
# Visual Studio Version 16
VisualStudioVersion = 16.0.31129.286
MinimumVisualStudioVersion = 10.0.40219.1
Project("{FAE04EC0-301F-11D3-BF4B-00C04F79EFBC}") = "Whatsapp için Twitter botu", "Whatsapp için Twitter botu\Whatsapp için Twitter botu.csproj", "{313490B0-5613-4854-B983-5BF9D84FBAEA}"
EndProject
Global
	GlobalSection(SolutionConfigurationPlatforms) = preSolution
		Debug|Any CPU = Debug|Any CPU
		Release|Any CPU = Release|Any CPU
	EndGlobalSection
	GlobalSection(ProjectConfigurationPlatforms) = postSolution
		{313490B0-5613-4854-B983-5BF9D84FBAEA}.Debug|Any CPU.ActiveCfg = Debug|Any CPU
		{313490B0-5613-4854-B983-5BF9D84FBAEA}.Debug|Any CPU.Build.0 = Debug|Any CPU
		{313490B0-5613-4854-B983-5BF9D84FBAEA}.Release|Any CPU.ActiveCfg = Release|Any CPU
		{313490B0-5613-4854-B983-5BF9D84FBAEA}.Release|Any CPU.Build.0 = Release|Any CPU
	EndGlobalSection
	GlobalSection(SolutionProperties) = preSolution
		HideSolutionNode = FALSE
	EndGlobalSection
	GlobalSection(ExtensibilityGlobals) = postSolution
		SolutionGuid = {22C41854-30D8-4130-A601-72EA5B4C23B6}
	EndGlobalSection
EndGlobal
